# yaml-language-server: $schema=./schemas/cle-onboarding-lock.schema.json
schema_version: 1
baseline: asvs-l1
generated_at_sha: 500c98b4ce973a2ca0d000a78311678cc173d32b
config_exclusions_hash: 4f53cda18c2baa0c
exclusions:
- requirement:
    id: V1.5.1
    statement: Verify that the application configures XML parsers to use a restrictive
      configuration and that unsafe features such as resolving external entities are
      disabled to prevent XML eXternal Entity (XXE) attacks.
  reason: No XML parsing found anywhere in the application. Searched for 'xml', 'XMLHttpRequest',
    'xml2js', 'fast-xml-parser' — no matches. The API consumes JSON exclusively via
    Fastify body parsing; the frontend is a Vue SPA that sends JSON and FormData.
    No XML documents are accepted, generated, or parsed.
  source: agent
- requirement:
    id: V4.4.1
    statement: Verify that WebSocket over TLS (WSS) is used for all WebSocket connections.
  reason: No WebSocket connections exist in the application. Searched for 'websocket',
    'WebSocket', 'wss://' — no matches. The app uses standard HTTP requests (fetch
    on the frontend, Fastify on the backend). No WebSocket libraries are in package.json.
  source: agent
- requirement:
    id: V6.4.2
    statement: Verify that password hints or knowledge-based authentication (so-called
      "secret questions") are not present.
  reason: No password hints or knowledge-based authentication (secret questions) feature
    exists. Signup collects only email, username, displayName, and password (apps/api/src/routes/auth.ts:8-17).
    No hint field in the User model (apps/api/prisma/schema.prisma:10-24). No password
    recovery flow of any kind.
  source: agent
- requirement:
    id: V9.1.1
    statement: Verify that self-contained tokens are validated using their digital
      signature or MAC to protect against tampering before accepting the token's contents.
  reason: The app uses reference tokens (session IDs stored in the Session table in
    SQLite), not self-contained tokens (JWTs or similar). No JWT libraries in package.json.
    Searched for 'jwt', 'JWT', 'jose', 'jws', 'jwe', 'jwk' — no matches. Session validation
    is a database lookup via loadSession() in apps/api/src/lib/sessions.ts.
  source: agent
- requirement:
    id: V9.1.2
    statement: Verify that only algorithms on an allowlist can be used to create and
      verify self-contained tokens, for a given context. The allowlist must include
      the permitted algorithms, ideally only either symmetric or asymmetric algorithms,
      and must not include the 'None' algorithm. If both symmetric and asymmetric
      must be supported, additional controls will be needed to prevent key confusion.
  reason: No self-contained tokens (JWTs) are created or verified — sessions use reference
    tokens stored in the database (apps/api/src/lib/sessions.ts). No token signing
    algorithms beyond the cookie signing done by @fastify/cookie, which is not the
    subject of this requirement.
  source: agent
- requirement:
    id: V9.1.3
    statement: Verify that key material that is used to validate self-contained tokens
      is from trusted pre-configured sources for the token issuer, preventing attackers
      from specifying untrusted sources and keys. For JWTs and other JWS structures,
      headers such as 'jku', 'x5u', and 'jwk' must be validated against an allowlist
      of trusted sources.
  reason: No self-contained tokens — sessions are reference tokens only. There are
    no JWT headers like 'jku', 'x5u', or 'jwk' to validate. Key material for cookie
    signing comes from SESSION_SECRET env var, not from token headers.
  source: agent
- requirement:
    id: V9.2.1
    statement: Verify that, if a validity time span is present in the token data,
      the token and its content are accepted only if the verification time is within
      this validity time span. For example, for JWTs, the claims 'nbf' and 'exp' must
      be verified.
  reason: No validity time spans embedded in token data. Session expiry is checked
    via the expiresAt column in the Session database table (apps/api/src/lib/sessions.ts:20),
    not via claims inside the token itself. This requirement targets self-contained
    tokens (JWTs with 'nbf'/'exp' claims), which the app does not use.
  source: agent
- requirement:
    id: V10.4.1
    statement: Verify that the authorization server validates redirect URIs based
      on a client-specific allowlist of pre-registered URIs using exact string comparison.
  reason: Not an OAuth authorization server. Authentication is local email + password
    with session cookies (apps/api/src/routes/auth.ts). No OAuth 2.0 / OIDC flows,
    no authorization endpoint, no client registration, no redirect URI handling. Searched
    for 'oauth', 'OAuth', 'oidc', 'openid' — no matches.
  source: agent
- requirement:
    id: V10.4.2
    statement: Verify that, if the authorization server returns the authorization
      code in the authorization response, it can be used only once for a token request.
      For the second valid request with an authorization code that has already been
      used to issue an access token, the authorization server must reject a token
      request and revoke any issued tokens related to the authorization code.
  reason: Not an OAuth authorization server — no authorization codes are issued or
    consumed. Same evidence as V10.4.1.
  source: agent
- requirement:
    id: V10.4.3
    statement: Verify that the authorization code is short-lived. The maximum lifetime
      can be up to 10 minutes.
  reason: Not an OAuth authorization server — no authorization codes exist. Same evidence
    as V10.4.1.
  source: agent
- requirement:
    id: V10.4.4
    statement: Verify that for a given client, the authorization server only allows
      the usage of grants that this client needs to use. Note that the grants 'token'
      (Implicit flow) and 'password' (Resource Owner Password Credentials flow) must
      no longer be used.
  reason: Not an OAuth authorization server — no OAuth grants are used. Same evidence
    as V10.4.1.
  source: agent
- requirement:
    id: V10.4.5
    statement: Verify that the authorization server mitigates refresh token replay
      attacks for public clients, preferably using sender-constrained refresh tokens,
      i.e., Demonstrating Proof of Possession (DPoP) or Certificate-Bound Access Tokens
      using mutual TLS (mTLS). Refresh token rotation may be used. If refresh token
      rotation is used, the authorization server must invalidate the refresh token
      after usage, and revoke all refresh tokens for that authorization if an already
      used and invalidated refresh token is provided.
  reason: Not an OAuth authorization server — no refresh tokens exist. Same evidence
    as V10.4.1.
  source: agent
open_questions:
- id: are-rate-limiting-or-anti-automation-con
  question: Are rate limiting or anti-automation controls in place anywhere outside
    the application code — in Caddy, at the host firewall level, or elsewhere? The
    application code has no rate limiting on login/signup endpoints.
  why: The app has no rate limiting code (no express-rate-limit or similar). V6.3.1
    requires controls against credential stuffing and brute force, and V6.1.1 requires
    documentation of those controls.
  affects:
  - V6.1.1
  - V6.3.1
  status: answered
  answer: No — no rate limiting
  choices:
  - label: No — no rate limiting
    description: No rate limiting or anti-automation exists anywhere currently.
  - label: Yes — Caddy handles rate limiting
    description: Caddy has rate-limiting directives or a plugin configured.
  - label: Yes — host-level firewall
    description: A host-level firewall or iptables-like solution limits request rates.
- id: is-the-production-deployment-exactly-as
  question: Is the production deployment exactly as shown in docker-compose.yml —
    Caddy terminates TLS (with Let's Encrypt), serves the SPA, and reverse-proxies
    /api/* to the Fastify container on an internal Docker network? Or are there additional
    infrastructure components like a cloud load balancer, CDN, or WAF in front?
  why: The Caddyfile shows HSTS and security headers; docker-compose shows Caddy handling
    TLS. I need to confirm this reflects production reality for V12.1.1, V12.2.1,
    V12.2.2, V3.4.1, and V3.2.1.
  affects:
  - V3.2.1
  - V3.4.1
  - V3.4.2
  - V12.1.1
  - V12.2.1
  - V12.2.2
  status: answered
  answer: Yes — Caddy as shown, no additional infra
  choices:
  - label: Yes — Caddy as shown, no additional infra
    description: Single VM with Caddy handling TLS termination, SPA serving, and API
      reverse-proxying. No CDN, no cloud LB, no WAF.
  - label: Cloud load balancer terminates TLS
    description: Caddy runs behind a cloud load balancer that handles TLS termination,
      then forwards to Caddy on plain HTTP.
  - label: CDN in front (e.g. Cloudflare)
    description: A CDN sits in front of the origin, terminating TLS for external clients.
- id: is-there-a-password-change-feature-that
  question: Is there a password-change feature that exists outside the repo (e.g.,
    an admin-only mechanism or a feature planned but not yet in the code)? The API
    has no password-change endpoint — users can update displayName and bio via PUT
    /me/profile, but there's no route to change a password.
  why: V6.2.2 and V6.2.3 require users to be able to change their password — I found
    no password-change endpoint in the routes.
  affects:
  - V6.2.2
  - V6.2.3
  status: answered
  answer: No — not yet implemented
  choices:
  - label: No — not yet implemented
    description: No password change feature exists anywhere — it hasn't been built
      yet.
  - label: Out-of-band admin reset only
    description: Admins can change any user's password via some out-of-band mechanism
      (SSH, DB access).
- id: the-seed-script-creates-a-site-admin-use
  question: The seed script creates a "Site Admin" user with a password from environment
    variables. In production, is this admin password changed after initial deployment?
    Is the seed script run more than once?
  why: The seed script has a default password "adminpass123" if no env var is set.
    V6.4.1 concerns system-generated initial passwords/activation codes expiring —
    the seed script's admin creation pattern is relevant.
  affects:
  - V6.4.1
  - V6.3.2
  status: answered
  answer: Seed runs once, password changed after
  choices:
  - label: Seed runs once, password changed after
    description: The seed runs once at deploy-time with a strong password from env
      vars, then the admin changes it.
  - label: Seed runs once, password not changed
    description: The seed runs once at deploy-time; the password set via env vars
      becomes the permanent admin password.
  - label: Seed uses default password
    description: The default adminpass123 is used because ADMIN_PASSWORD is not set
      in production.
